
Microsoft Visual Studio Solution File, Format Version 12.00
Project("{FAE04EC0-301F-11D3-BF4B-00C04F79EFBC}") = "Parcial", "Parcial\Parcial.csproj", "{453C7BC1-3140-4D3C-A617-EC795D5BABBD}"
EndProject
Project("{FAE04EC0-301F-11D3-BF4B-00C04F79EFBC}") = "Zoologico", "Zoologico\Zoologico.csproj", "{3AEAE952-4B85-4BAE-A947-3F5F73386F53}"
EndProject
Project("{FAE04EC0-301F-11D3-BF4B-00C04F79EFBC}") = "Clase_1", "Clase_1\Clase_1.csproj", "{7D4280A4-BAE4-40EE-8BAF-FE946E7EF333}"
EndProject
Project("{FAE04EC0-301F-11D3-BF4B-00C04F79EFBC}") = "CajeroAutomatico", "CajeroAutomatico\CajeroAutomatico.csproj", "{1DC96889-7DEE-47EB-AAA4-25E1797C9BCC}"
EndProject
Global
	GlobalSection(SolutionConfigurationPlatforms) = preSolution
		Debug|Any CPU = Debug|Any CPU
		Release|Any CPU = Release|Any CPU
	EndGlobalSection
	GlobalSection(ProjectConfigurationPlatforms) = postSolution
		{453C7BC1-3140-4D3C-A617-EC795D5BABBD}.Debug|Any CPU.ActiveCfg = Debug|Any CPU
		{453C7BC1-3140-4D3C-A617-EC795D5BABBD}.Debug|Any CPU.Build.0 = Debug|Any CPU
		{453C7BC1-3140-4D3C-A617-EC795D5BABBD}.Release|Any CPU.ActiveCfg = Release|Any CPU
		{453C7BC1-3140-4D3C-A617-EC795D5BABBD}.Release|Any CPU.Build.0 = Release|Any CPU
		{3AEAE952-4B85-4BAE-A947-3F5F73386F53}.Debug|Any CPU.ActiveCfg = Debug|Any CPU
		{3AEAE952-4B85-4BAE-A947-3F5F73386F53}.Debug|Any CPU.Build.0 = Debug|Any CPU
		{3AEAE952-4B85-4BAE-A947-3F5F73386F53}.Release|Any CPU.ActiveCfg = Release|Any CPU
		{3AEAE952-4B85-4BAE-A947-3F5F73386F53}.Release|Any CPU.Build.0 = Release|Any CPU
		{7D4280A4-BAE4-40EE-8BAF-FE946E7EF333}.Debug|Any CPU.ActiveCfg = Debug|Any CPU
		{7D4280A4-BAE4-40EE-8BAF-FE946E7EF333}.Debug|Any CPU.Build.0 = Debug|Any CPU
		{7D4280A4-BAE4-40EE-8BAF-FE946E7EF333}.Release|Any CPU.ActiveCfg = Release|Any CPU
		{7D4280A4-BAE4-40EE-8BAF-FE946E7EF333}.Release|Any CPU.Build.0 = Release|Any CPU
		{1DC96889-7DEE-47EB-AAA4-25E1797C9BCC}.Debug|Any CPU.ActiveCfg = Debug|Any CPU
		{1DC96889-7DEE-47EB-AAA4-25E1797C9BCC}.Debug|Any CPU.Build.0 = Debug|Any CPU
		{1DC96889-7DEE-47EB-AAA4-25E1797C9BCC}.Release|Any CPU.ActiveCfg = Release|Any CPU
		{1DC96889-7DEE-47EB-AAA4-25E1797C9BCC}.Release|Any CPU.Build.0 = Release|Any CPU
	EndGlobalSection
EndGlobal
