
Microsoft Visual Studio Solution File, Format Version 12.00
Project("{FAE04EC0-301F-11D3-BF4B-00C04F79EFBC}") = "adoNetDesconectado", "adoNetDesconectado\adoNetDesconectado.csproj", "{E12B115F-6C96-4352-8F36-3A91926B1DDB}"
EndProject
Project("{FAE04EC0-301F-11D3-BF4B-00C04F79EFBC}") = "Archivos", "Archivos\Archivos.csproj", "{58BA39C2-66C9-490E-B031-96C48CB37D1F}"
EndProject
Project("{FAE04EC0-301F-11D3-BF4B-00C04F79EFBC}") = "CajeroAutomatico", "CajeroAutomatico\CajeroAutomatico.csproj", "{FBABDBE4-D7C8-4F1D-90A3-82471312A289}"
EndProject
Project("{FAE04EC0-301F-11D3-BF4B-00C04F79EFBC}") = "Clase_1", "Clase_1\Clase_1.csproj", "{4AE13420-E915-4911-8918-5BDC20A2EA62}"
EndProject
Project("{FAE04EC0-301F-11D3-BF4B-00C04F79EFBC}") = "Empresas", "Empresas\Empresas.csproj", "{85B5F938-E1F8-4248-8E18-A1A28BA8F548}"
EndProject
Project("{FAE04EC0-301F-11D3-BF4B-00C04F79EFBC}") = "FormulariosMDI", "FormulariosMDI\FormulariosMDI.csproj", "{0A2515DF-B8CB-43BC-A0AA-0E3E268C61DB}"
EndProject
Project("{FAE04EC0-301F-11D3-BF4B-00C04F79EFBC}") = "Parcial", "Parcial\Parcial.csproj", "{7FA49FB0-09EB-4499-ADF1-5E8D6FB0568C}"
EndProject
Project("{FAE04EC0-301F-11D3-BF4B-00C04F79EFBC}") = "Zoologico", "Zoologico\Zoologico.csproj", "{EDCC4C26-13F3-4A15-8FC6-3F5F2C66F0E4}"
EndProject
Global
	GlobalSection(SolutionConfigurationPlatforms) = preSolution
		Debug|Any CPU = Debug|Any CPU
		Release|Any CPU = Release|Any CPU
	EndGlobalSection
	GlobalSection(ProjectConfigurationPlatforms) = postSolution
		{E12B115F-6C96-4352-8F36-3A91926B1DDB}.Debug|Any CPU.ActiveCfg = Debug|Any CPU
		{E12B115F-6C96-4352-8F36-3A91926B1DDB}.Debug|Any CPU.Build.0 = Debug|Any CPU
		{E12B115F-6C96-4352-8F36-3A91926B1DDB}.Release|Any CPU.ActiveCfg = Release|Any CPU
		{E12B115F-6C96-4352-8F36-3A91926B1DDB}.Release|Any CPU.Build.0 = Release|Any CPU
		{58BA39C2-66C9-490E-B031-96C48CB37D1F}.Debug|Any CPU.ActiveCfg = Debug|Any CPU
		{58BA39C2-66C9-490E-B031-96C48CB37D1F}.Debug|Any CPU.Build.0 = Debug|Any CPU
		{58BA39C2-66C9-490E-B031-96C48CB37D1F}.Release|Any CPU.ActiveCfg = Release|Any CPU
		{58BA39C2-66C9-490E-B031-96C48CB37D1F}.Release|Any CPU.Build.0 = Release|Any CPU
		{FBABDBE4-D7C8-4F1D-90A3-82471312A289}.Debug|Any CPU.ActiveCfg = Debug|Any CPU
		{FBABDBE4-D7C8-4F1D-90A3-82471312A289}.Debug|Any CPU.Build.0 = Debug|Any CPU
		{FBABDBE4-D7C8-4F1D-90A3-82471312A289}.Release|Any CPU.ActiveCfg = Release|Any CPU
		{FBABDBE4-D7C8-4F1D-90A3-82471312A289}.Release|Any CPU.Build.0 = Release|Any CPU
		{4AE13420-E915-4911-8918-5BDC20A2EA62}.Debug|Any CPU.ActiveCfg = Debug|Any CPU
		{4AE13420-E915-4911-8918-5BDC20A2EA62}.Debug|Any CPU.Build.0 = Debug|Any CPU
		{4AE13420-E915-4911-8918-5BDC20A2EA62}.Release|Any CPU.ActiveCfg = Release|Any CPU
		{4AE13420-E915-4911-8918-5BDC20A2EA62}.Release|Any CPU.Build.0 = Release|Any CPU
		{85B5F938-E1F8-4248-8E18-A1A28BA8F548}.Debug|Any CPU.ActiveCfg = Debug|Any CPU
		{85B5F938-E1F8-4248-8E18-A1A28BA8F548}.Debug|Any CPU.Build.0 = Debug|Any CPU
		{85B5F938-E1F8-4248-8E18-A1A28BA8F548}.Release|Any CPU.ActiveCfg = Release|Any CPU
		{85B5F938-E1F8-4248-8E18-A1A28BA8F548}.Release|Any CPU.Build.0 = Release|Any CPU
		{0A2515DF-B8CB-43BC-A0AA-0E3E268C61DB}.Debug|Any CPU.ActiveCfg = Debug|Any CPU
		{0A2515DF-B8CB-43BC-A0AA-0E3E268C61DB}.Debug|Any CPU.Build.0 = Debug|Any CPU
		{0A2515DF-B8CB-43BC-A0AA-0E3E268C61DB}.Release|Any CPU.ActiveCfg = Release|Any CPU
		{0A2515DF-B8CB-43BC-A0AA-0E3E268C61DB}.Release|Any CPU.Build.0 = Release|Any CPU
		{7FA49FB0-09EB-4499-ADF1-5E8D6FB0568C}.Debug|Any CPU.ActiveCfg = Debug|Any CPU
		{7FA49FB0-09EB-4499-ADF1-5E8D6FB0568C}.Debug|Any CPU.Build.0 = Debug|Any CPU
		{7FA49FB0-09EB-4499-ADF1-5E8D6FB0568C}.Release|Any CPU.ActiveCfg = Release|Any CPU
		{7FA49FB0-09EB-4499-ADF1-5E8D6FB0568C}.Release|Any CPU.Build.0 = Release|Any CPU
		{EDCC4C26-13F3-4A15-8FC6-3F5F2C66F0E4}.Debug|Any CPU.ActiveCfg = Debug|Any CPU
		{EDCC4C26-13F3-4A15-8FC6-3F5F2C66F0E4}.Debug|Any CPU.Build.0 = Debug|Any CPU
		{EDCC4C26-13F3-4A15-8FC6-3F5F2C66F0E4}.Release|Any CPU.ActiveCfg = Release|Any CPU
		{EDCC4C26-13F3-4A15-8FC6-3F5F2C66F0E4}.Release|Any CPU.Build.0 = Release|Any CPU
	EndGlobalSection
	GlobalSection(NestedProjects) = preSolution
	EndGlobalSection
EndGlobal
